
Microsoft Visual Studio Solution File, Format Version 12.00
# Visual Studio 15
VisualStudioVersion = 15.0.28307.779
MinimumVisualStudioVersion = 10.0.40219.1
Project("{FAE04EC0-301F-11D3-BF4B-00C04F79EFBC}") = "Calcular_Edad", "Calcular_Edad\Calcular_Edad.csproj", "{A9C8BB18-C85A-405E-9DF0-91A318AB74DF}"
EndProject
Global
	GlobalSection(SolutionConfigurationPlatforms) = preSolution
		Debug|Any CPU = Debug|Any CPU
		Release|Any CPU = Release|Any CPU
	EndGlobalSection
	GlobalSection(ProjectConfigurationPlatforms) = postSolution
		{A9C8BB18-C85A-405E-9DF0-91A318AB74DF}.Debug|Any CPU.ActiveCfg = Debug|Any CPU
		{A9C8BB18-C85A-405E-9DF0-91A318AB74DF}.Debug|Any CPU.Build.0 = Debug|Any CPU
		{A9C8BB18-C85A-405E-9DF0-91A318AB74DF}.Release|Any CPU.ActiveCfg = Release|Any CPU
		{A9C8BB18-C85A-405E-9DF0-91A318AB74DF}.Release|Any CPU.Build.0 = Release|Any CPU
	EndGlobalSection
	GlobalSection(SolutionProperties) = preSolution
		HideSolutionNode = FALSE
	EndGlobalSection
	GlobalSection(ExtensibilityGlobals) = postSolution
		SolutionGuid = {3277144B-FD3B-4A8E-B93D-A9865E97D1D3}
	EndGlobalSection
EndGlobal
